// !$*UTF8*$!
{
	archiveVersion = 1;
	classes = {
	};
	objectVersion = 60;
	objects = {

/* Begin PBXBuildFile section */
		0232ADC4297C676C0042D2FB /* ClockApp.swift in Sources */ = {isa = PBXBuildFile; fileRef = 0232ADC3297C676C0042D2FB /* ClockApp.swift */; };
		0232ADC8297C67740042D2FB /* Assets.xcassets in Resources */ = {isa = PBXBuildFile; fileRef = 0232ADC7297C67740042D2FB /* Assets.xcassets */; };
		0232ADCB297C67740042D2FB /* Preview Assets.xcassets in Resources */ = {isa = PBXBuildFile; fileRef = 0232ADCA297C67740042D2FB /* Preview Assets.xcassets */; };
		0232ADD8297C67AD0042D2FB /* WidgetKit.framework in Frameworks */ = {isa = PBXBuildFile; fileRef = 0232ADD7297C67AD0042D2FB /* WidgetKit.framework */; };
		0232ADDA297C67AD0042D2FB /* SwiftUI.framework in Frameworks */ = {isa = PBXBuildFile; fileRef = 0232ADD9297C67AD0042D2FB /* SwiftUI.framework */; };
		0232ADDD297C67AD0042D2FB /* ClockWidgetBundle.swift in Sources */ = {isa = PBXBuildFile; fileRef = 0232ADDC297C67AD0042D2FB /* ClockWidgetBundle.swift */; };
		0232ADE1297C67AD0042D2FB /* ClockWidget.swift in Sources */ = {isa = PBXBuildFile; fileRef = 0232ADE0297C67AD0042D2FB /* ClockWidget.swift */; };
		0232ADE4297C67DA0042D2FB /* Assets.xcassets in Resources */ = {isa = PBXBuildFile; fileRef = 0232ADE3297C67DA0042D2FB /* Assets.xcassets */; };
		0232ADE6297C67DA0042D2FB /* ClockWidget.intentdefinition in Sources */ = {isa = PBXBuildFile; fileRef = 0232ADE2297C67AE0042D2FB /* ClockWidget.intentdefinition */; };
		0232ADE7297C67DA0042D2FB /* ClockWidget.intentdefinition in Sources */ = {isa = PBXBuildFile; fileRef = 0232ADE2297C67AE0042D2FB /* ClockWidget.intentdefinition */; };
		0232ADEA297C67DA0042D2FB /* ClockWidgetExtension.appex in Embed Foundation Extensions */ = {isa = PBXBuildFile; fileRef = 0232ADD5297C67AD0042D2FB /* ClockWidgetExtension.appex */; settings = {ATTRIBUTES = (RemoveHeadersOnCopy, ); }; };
		F7AA159E2A289208002D06B2 /* TimelineProvider.swift in Sources */ = {isa = PBXBuildFile; fileRef = F7AA159D2A289208002D06B2 /* TimelineProvider.swift */; };
		F7EAE35F2A28AB0300664B37 /* TwentyFourHourClock in Frameworks */ = {isa = PBXBuildFile; productRef = F7EAE35E2A28AB0300664B37 /* TwentyFourHourClock */; };
		F7EAE3612A28AB0B00664B37 /* TwentyFourHourClock in Frameworks */ = {isa = PBXBuildFile; productRef = F7EAE3602A28AB0B00664B37 /* TwentyFourHourClock */; };
/* End PBXBuildFile section */

/* Begin PBXContainerItemProxy section */
		0232ADE8297C67DA0042D2FB /* PBXContainerItemProxy */ = {
			isa = PBXContainerItemProxy;
			containerPortal = 0232ADB8297C676C0042D2FB /* Project object */;
			proxyType = 1;
			remoteGlobalIDString = 0232ADD4297C67AD0042D2FB;
			remoteInfo = ClockWidgetExtension;
		};
/* End PBXContainerItemProxy section */

/* Begin PBXCopyFilesBuildPhase section */
		0232ADEE297C67DB0042D2FB /* Embed Foundation Extensions */ = {
			isa = PBXCopyFilesBuildPhase;
			buildActionMask = 2147483647;
			dstPath = "";
			dstSubfolderSpec = 13;
			files = (
				0232ADEA297C67DA0042D2FB /* ClockWidgetExtension.appex in Embed Foundation Extensions */,
			);
			name = "Embed Foundation Extensions";
			runOnlyForDeploymentPostprocessing = 0;
		};
/* End PBXCopyFilesBuildPhase section */

/* Begin PBXFileReference section */
		0232ADC0297C676C0042D2FB /* Clock.app */ = {isa = PBXFileReference; explicitFileType = wrapper.application; includeInIndex = 0; path = Clock.app; sourceTree = BUILT_PRODUCTS_DIR; };
		0232ADC3297C676C0042D2FB /* ClockApp.swift */ = {isa = PBXFileReference; lastKnownFileType = sourcecode.swift; path = ClockApp.swift; sourceTree = "<group>"; };
		0232ADC7297C67740042D2FB /* Assets.xcassets */ = {isa = PBXFileReference; lastKnownFileType = folder.assetcatalog; path = Assets.xcassets; sourceTree = "<group>"; };
		0232ADCA297C67740042D2FB /* Preview Assets.xcassets */ = {isa = PBXFileReference; lastKnownFileType = folder.assetcatalog; path = "Preview Assets.xcassets"; sourceTree = "<group>"; };
		0232ADD5297C67AD0042D2FB /* ClockWidgetExtension.appex */ = {isa = PBXFileReference; explicitFileType = "wrapper.app-extension"; includeInIndex = 0; path = ClockWidgetExtension.appex; sourceTree = BUILT_PRODUCTS_DIR; };
		0232ADD7297C67AD0042D2FB /* WidgetKit.framework */ = {isa = PBXFileReference; lastKnownFileType = wrapper.framework; name = WidgetKit.framework; path = System/Library/Frameworks/WidgetKit.framework; sourceTree = SDKROOT; };
		0232ADD9297C67AD0042D2FB /* SwiftUI.framework */ = {isa = PBXFileReference; lastKnownFileType = wrapper.framework; name = SwiftUI.framework; path = System/Library/Frameworks/SwiftUI.framework; sourceTree = SDKROOT; };
		0232ADDC297C67AD0042D2FB /* ClockWidgetBundle.swift */ = {isa = PBXFileReference; lastKnownFileType = sourcecode.swift; path = ClockWidgetBundle.swift; sourceTree = "<group>"; };
		0232ADE0297C67AD0042D2FB /* ClockWidget.swift */ = {isa = PBXFileReference; lastKnownFileType = sourcecode.swift; path = ClockWidget.swift; sourceTree = "<group>"; };
		0232ADE2297C67AE0042D2FB /* ClockWidget.intentdefinition */ = {isa = PBXFileReference; lastKnownFileType = file.intentdefinition; path = ClockWidget.intentdefinition; sourceTree = "<group>"; };
		0232ADE3297C67DA0042D2FB /* Assets.xcassets */ = {isa = PBXFileReference; lastKnownFileType = folder.assetcatalog; path = Assets.xcassets; sourceTree = "<group>"; };
		0232ADE5297C67DA0042D2FB /* Info.plist */ = {isa = PBXFileReference; lastKnownFileType = text.plist.xml; path = Info.plist; sourceTree = "<group>"; };
		F7AA159D2A289208002D06B2 /* TimelineProvider.swift */ = {isa = PBXFileReference; lastKnownFileType = sourcecode.swift; path = TimelineProvider.swift; sourceTree = "<group>"; };
		F7EAE35D2A28AAED00664B37 /* TwentyFourHourClock */ = {isa = PBXFileReference; lastKnownFileType = wrapper; path = TwentyFourHourClock; sourceTree = "<group>"; };
/* End PBXFileReference section */

/* Begin PBXFrameworksBuildPhase section */
		0232ADBD297C676C0042D2FB /* Frameworks */ = {
			isa = PBXFrameworksBuildPhase;
			buildActionMask = 2147483647;
			files = (
				F7EAE35F2A28AB0300664B37 /* TwentyFourHourClock in Frameworks */,
			);
			runOnlyForDeploymentPostprocessing = 0;
		};
		0232ADD2297C67AD0042D2FB /* Frameworks */ = {
			isa = PBXFrameworksBuildPhase;
			buildActionMask = 2147483647;
			files = (
				0232ADDA297C67AD0042D2FB /* SwiftUI.framework in Frameworks */,
				F7EAE3612A28AB0B00664B37 /* TwentyFourHourClock in Frameworks */,
				0232ADD8297C67AD0042D2FB /* WidgetKit.framework in Frameworks */,
			);
			runOnlyForDeploymentPostprocessing = 0;
		};
/* End PBXFrameworksBuildPhase section */

/* Begin PBXGroup section */
		0232ADB7297C676C0042D2FB = {
			isa = PBXGroup;
			children = (
				F7EAE35D2A28AAED00664B37 /* TwentyFourHourClock */,
				0232ADC2297C676C0042D2FB /* Clock */,
				0232ADDB297C67AD0042D2FB /* ClockWidget */,
				0232ADD6297C67AD0042D2FB /* Frameworks */,
				0232ADC1297C676C0042D2FB /* Products */,
			);
			sourceTree = "<group>";
		};
		0232ADC1297C676C0042D2FB /* Products */ = {
			isa = PBXGroup;
			children = (
				0232ADC0297C676C0042D2FB /* Clock.app */,
				0232ADD5297C67AD0042D2FB /* ClockWidgetExtension.appex */,
			);
			name = Products;
			sourceTree = "<group>";
		};
		0232ADC2297C676C0042D2FB /* Clock */ = {
			isa = PBXGroup;
			children = (
				0232ADC3297C676C0042D2FB /* ClockApp.swift */,
				0232ADC7297C67740042D2FB /* Assets.xcassets */,
				0232ADC9297C67740042D2FB /* Preview Content */,
			);
			path = Clock;
			sourceTree = "<group>";
		};
		0232ADC9297C67740042D2FB /* Preview Content */ = {
			isa = PBXGroup;
			children = (
				0232ADCA297C67740042D2FB /* Preview Assets.xcassets */,
			);
			path = "Preview Content";
			sourceTree = "<group>";
		};
		0232ADD6297C67AD0042D2FB /* Frameworks */ = {
			isa = PBXGroup;
			children = (
				0232ADD7297C67AD0042D2FB /* WidgetKit.framework */,
				0232ADD9297C67AD0042D2FB /* SwiftUI.framework */,
			);
			name = Frameworks;
			sourceTree = "<group>";
		};
		0232ADDB297C67AD0042D2FB /* ClockWidget */ = {
			isa = PBXGroup;
			children = (
				0232ADDC297C67AD0042D2FB /* ClockWidgetBundle.swift */,
				0232ADE0297C67AD0042D2FB /* ClockWidget.swift */,
				0232ADE2297C67AE0042D2FB /* ClockWidget.intentdefinition */,
				0232ADE3297C67DA0042D2FB /* Assets.xcassets */,
				0232ADE5297C67DA0042D2FB /* Info.plist */,
				F7AA159D2A289208002D06B2 /* TimelineProvider.swift */,
			);
			path = ClockWidget;
			sourceTree = "<group>";
		};
/* End PBXGroup section */

/* Begin PBXNativeTarget section */
		0232ADBF297C676C0042D2FB /* Clock */ = {
			isa = PBXNativeTarget;
			buildConfigurationList = 0232ADCE297C67740042D2FB /* Build configuration list for PBXNativeTarget "Clock" */;
			buildPhases = (
				0232ADBC297C676C0042D2FB /* Sources */,
				0232ADBD297C676C0042D2FB /* Frameworks */,
				0232ADBE297C676C0042D2FB /* Resources */,
				0232ADEE297C67DB0042D2FB /* Embed Foundation Extensions */,
			);
			buildRules = (
			);
			dependencies = (
				0232ADE9297C67DA0042D2FB /* PBXTargetDependency */,
			);
			name = Clock;
			packageProductDependencies = (
				F7EAE35E2A28AB0300664B37 /* TwentyFourHourClock */,
			);
			productName = Clock;
			productReference = 0232ADC0297C676C0042D2FB /* Clock.app */;
			productType = "com.apple.product-type.application";
		};
		0232ADD4297C67AD0042D2FB /* ClockWidgetExtension */ = {
			isa = PBXNativeTarget;
			buildConfigurationList = 0232ADEB297C67DB0042D2FB /* Build configuration list for PBXNativeTarget "ClockWidgetExtension" */;
			buildPhases = (
				0232ADD1297C67AD0042D2FB /* Sources */,
				0232ADD2297C67AD0042D2FB /* Frameworks */,
				0232ADD3297C67AD0042D2FB /* Resources */,
			);
			buildRules = (
			);
			dependencies = (
			);
			name = ClockWidgetExtension;
			packageProductDependencies = (
				F7EAE3602A28AB0B00664B37 /* TwentyFourHourClock */,
			);
			productName = ClockWidgetExtension;
			productReference = 0232ADD5297C67AD0042D2FB /* ClockWidgetExtension.appex */;
			productType = "com.apple.product-type.app-extension";
		};
/* End PBXNativeTarget section */

/* Begin PBXProject section */
		0232ADB8297C676C0042D2FB /* Project object */ = {
			isa = PBXProject;
			attributes = {
				BuildIndependentTargetsInParallel = 1;
				LastSwiftUpdateCheck = 1420;
				LastUpgradeCheck = 1500;
				ORGANIZATIONNAME = GoodHatsLLC;
				TargetAttributes = {
					0232ADBF297C676C0042D2FB = {
						CreatedOnToolsVersion = 14.2;
					};
					0232ADD4297C67AD0042D2FB = {
						CreatedOnToolsVersion = 14.2;
					};
				};
			};
			buildConfigurationList = 0232ADBB297C676C0042D2FB /* Build configuration list for PBXProject "Clock" */;
			compatibilityVersion = "Xcode 15.0";
			developmentRegion = en;
			hasScannedForEncodings = 0;
			knownRegions = (
				en,
				Base,
			);
			mainGroup = 0232ADB7297C676C0042D2FB;
			productRefGroup = 0232ADC1297C676C0042D2FB /* Products */;
			projectDirPath = "";
			projectRoot = "";
			targets = (
				0232ADBF297C676C0042D2FB /* Clock */,
				0232ADD4297C67AD0042D2FB /* ClockWidgetExtension */,
			);
		};
/* End PBXProject section */

/* Begin PBXResourcesBuildPhase section */
		0232ADBE297C676C0042D2FB /* Resources */ = {
			isa = PBXResourcesBuildPhase;
			buildActionMask = 2147483647;
			files = (
				0232ADCB297C67740042D2FB /* Preview Assets.xcassets in Resources */,
				0232ADC8297C67740042D2FB /* Assets.xcassets in Resources */,
			);
			runOnlyForDeploymentPostprocessing = 0;
		};
		0232ADD3297C67AD0042D2FB /* Resources */ = {
			isa = PBXResourcesBuildPhase;
			buildActionMask = 2147483647;
			files = (
				0232ADE4297C67DA0042D2FB /* Assets.xcassets in Resources */,
			);
			runOnlyForDeploymentPostprocessing = 0;
		};
/* End PBXResourcesBuildPhase section */

/* Begin PBXSourcesBuildPhase section */
		0232ADBC297C676C0042D2FB /* Sources */ = {
			isa = PBXSourcesBuildPhase;
			buildActionMask = 2147483647;
			files = (
				0232ADE7297C67DA0042D2FB /* ClockWidget.intentdefinition in Sources */,
				0232ADC4297C676C0042D2FB /* ClockApp.swift in Sources */,
			);
			runOnlyForDeploymentPostprocessing = 0;
		};
		0232ADD1297C67AD0042D2FB /* Sources */ = {
			isa = PBXSourcesBuildPhase;
			buildActionMask = 2147483647;
			files = (
				0232ADDD297C67AD0042D2FB /* ClockWidgetBundle.swift in Sources */,
				F7AA159E2A289208002D06B2 /* TimelineProvider.swift in Sources */,
				0232ADE6297C67DA0042D2FB /* ClockWidget.intentdefinition in Sources */,
				0232ADE1297C67AD0042D2FB /* ClockWidget.swift in Sources */,
			);
			runOnlyForDeploymentPostprocessing = 0;
		};
/* End PBXSourcesBuildPhase section */

/* Begin PBXTargetDependency section */
		0232ADE9297C67DA0042D2FB /* PBXTargetDependency */ = {
			isa = PBXTargetDependency;
			target = 0232ADD4297C67AD0042D2FB /* ClockWidgetExtension */;
			targetProxy = 0232ADE8297C67DA0042D2FB /* PBXContainerItemProxy */;
		};
/* End PBXTargetDependency section */

/* Begin XCBuildConfiguration section */
		0232ADCC297C67740042D2FB /* Debug */ = {
			isa = XCBuildConfiguration;
			buildSettings = {
				ALWAYS_SEARCH_USER_PATHS = NO;
				ASSETCATALOG_COMPILER_GENERATE_SWIFT_ASSET_SYMBOL_EXTENSIONS = YES;
				CLANG_ANALYZER_NONNULL = YES;
				CLANG_ANALYZER_NUMBER_OBJECT_CONVERSION = YES_AGGRESSIVE;
				CLANG_CXX_LANGUAGE_STANDARD = "gnu++20";
				CLANG_ENABLE_MODULES = YES;
				CLANG_ENABLE_OBJC_ARC = YES;
				CLANG_ENABLE_OBJC_WEAK = YES;
				CLANG_WARN_BLOCK_CAPTURE_AUTORELEASING = YES;
				CLANG_WARN_BOOL_CONVERSION = YES;
				CLANG_WARN_COMMA = YES;
				CLANG_WARN_CONSTANT_CONVERSION = YES;
				CLANG_WARN_DEPRECATED_OBJC_IMPLEMENTATIONS = YES;
				CLANG_WARN_DIRECT_OBJC_ISA_USAGE = YES_ERROR;
				CLANG_WARN_DOCUMENTATION_COMMENTS = YES;
				CLANG_WARN_EMPTY_BODY = YES;
				CLANG_WARN_ENUM_CONVERSION = YES;
				CLANG_WARN_INFINITE_RECURSION = YES;
				CLANG_WARN_INT_CONVERSION = YES;
				CLANG_WARN_NON_LITERAL_NULL_CONVERSION = YES;
				CLANG_WARN_OBJC_IMPLICIT_RETAIN_SELF = YES;
				CLANG_WARN_OBJC_LITERAL_CONVERSION = YES;
				CLANG_WARN_OBJC_ROOT_CLASS = YES_ERROR;
				CLANG_WARN_QUOTED_INCLUDE_IN_FRAMEWORK_HEADER = YES;
				CLANG_WARN_RANGE_LOOP_ANALYSIS = YES;
				CLANG_WARN_STRICT_PROTOTYPES = YES;
				CLANG_WARN_SUSPICIOUS_MOVE = YES;
				CLANG_WARN_UNGUARDED_AVAILABILITY = YES_AGGRESSIVE;
				CLANG_WARN_UNREACHABLE_CODE = YES;
				CLANG_WARN__DUPLICATE_METHOD_MATCH = YES;
				COPY_PHASE_STRIP = NO;
				DEBUG_INFORMATION_FORMAT = dwarf;
				ENABLE_STRICT_OBJC_MSGSEND = YES;
				ENABLE_TESTABILITY = YES;
				ENABLE_USER_SCRIPT_SANDBOXING = YES;
				GCC_C_LANGUAGE_STANDARD = gnu11;
				GCC_DYNAMIC_NO_PIC = NO;
				GCC_NO_COMMON_BLOCKS = YES;
				GCC_OPTIMIZATION_LEVEL = 0;
				GCC_PREPROCESSOR_DEFINITIONS = (
					"DEBUG=1",
					"$(inherited)",
				);
				GCC_WARN_64_TO_32_BIT_CONVERSION = YES;
				GCC_WARN_ABOUT_RETURN_TYPE = YES_ERROR;
				GCC_WARN_UNDECLARED_SELECTOR = YES;
				GCC_WARN_UNINITIALIZED_AUTOS = YES_AGGRESSIVE;
				GCC_WARN_UNUSED_FUNCTION = YES;
				GCC_WARN_UNUSED_VARIABLE = YES;
				IPHONEOS_DEPLOYMENT_TARGET = 17.0;
				MACOSX_DEPLOYMENT_TARGET = 14.0;
				MTL_ENABLE_DEBUG_INFO = INCLUDE_SOURCE;
				MTL_FAST_MATH = YES;
				ONLY_ACTIVE_ARCH = YES;
				SDKROOT = iphoneos;
				SWIFT_ACTIVE_COMPILATION_CONDITIONS = DEBUG;
				SWIFT_OPTIMIZATION_LEVEL = "-Onone";
			};
			name = Debug;
		};
		0232ADCD297C67740042D2FB /* Release */ = {
			isa = XCBuildConfiguration;
			buildSettings = {
				ALWAYS_SEARCH_USER_PATHS = NO;
				ASSETCATALOG_COMPILER_GENERATE_SWIFT_ASSET_SYMBOL_EXTENSIONS = YES;
				CLANG_ANALYZER_NONNULL = YES;
				CLANG_ANALYZER_NUMBER_OBJECT_CONVERSION = YES_AGGRESSIVE;
				CLANG_CXX_LANGUAGE_STANDARD = "gnu++20";
				CLANG_ENABLE_MODULES = YES;
				CLANG_ENABLE_OBJC_ARC = YES;
				CLANG_ENABLE_OBJC_WEAK = YES;
				CLANG_WARN_BLOCK_CAPTURE_AUTORELEASING = YES;
				CLANG_WARN_BOOL_CONVERSION = YES;
				CLANG_WARN_COMMA = YES;
				CLANG_WARN_CONSTANT_CONVERSION = YES;
				CLANG_WARN_DEPRECATED_OBJC_IMPLEMENTATIONS = YES;
				CLANG_WARN_DIRECT_OBJC_ISA_USAGE = YES_ERROR;
				CLANG_WARN_DOCUMENTATION_COMMENTS = YES;
				CLANG_WARN_EMPTY_BODY = YES;
				CLANG_WARN_ENUM_CONVERSION = YES;
				CLANG_WARN_INFINITE_RECURSION = YES;
				CLANG_WARN_INT_CONVERSION = YES;
				CLANG_WARN_NON_LITERAL_NULL_CONVERSION = YES;
				CLANG_WARN_OBJC_IMPLICIT_RETAIN_SELF = YES;
				CLANG_WARN_OBJC_LITERAL_CONVERSION = YES;
				CLANG_WARN_OBJC_ROOT_CLASS = YES_ERROR;
				CLANG_WARN_QUOTED_INCLUDE_IN_FRAMEWORK_HEADER = YES;
				CLANG_WARN_RANGE_LOOP_ANALYSIS = YES;
				CLANG_WARN_STRICT_PROTOTYPES = YES;
				CLANG_WARN_SUSPICIOUS_MOVE = YES;
				CLANG_WARN_UNGUARDED_AVAILABILITY = YES_AGGRESSIVE;
				CLANG_WARN_UNREACHABLE_CODE = YES;
				CLANG_WARN__DUPLICATE_METHOD_MATCH = YES;
				COPY_PHASE_STRIP = NO;
				DEBUG_INFORMATION_FORMAT = "dwarf-with-dsym";
				ENABLE_NS_ASSERTIONS = NO;
				ENABLE_STRICT_OBJC_MSGSEND = YES;
				ENABLE_USER_SCRIPT_SANDBOXING = YES;
				GCC_C_LANGUAGE_STANDARD = gnu11;
				GCC_NO_COMMON_BLOCKS = YES;
				GCC_WARN_64_TO_32_BIT_CONVERSION = YES;
				GCC_WARN_ABOUT_RETURN_TYPE = YES_ERROR;
				GCC_WARN_UNDECLARED_SELECTOR = YES;
				GCC_WARN_UNINITIALIZED_AUTOS = YES_AGGRESSIVE;
				GCC_WARN_UNUSED_FUNCTION = YES;
				GCC_WARN_UNUSED_VARIABLE = YES;
				IPHONEOS_DEPLOYMENT_TARGET = 17.0;
				MACOSX_DEPLOYMENT_TARGET = 14.0;
				MTL_ENABLE_DEBUG_INFO = NO;
				MTL_FAST_MATH = YES;
				SDKROOT = iphoneos;
				SWIFT_COMPILATION_MODE = wholemodule;
				SWIFT_OPTIMIZATION_LEVEL = "-O";
				VALIDATE_PRODUCT = YES;
			};
			name = Release;
		};
		0232ADCF297C67740042D2FB /* Debug */ = {
			isa = XCBuildConfiguration;
			buildSettings = {
				ALWAYS_EMBED_SWIFT_STANDARD_LIBRARIES = YES;
				ASSETCATALOG_COMPILER_APPICON_NAME = AppIcon;
				"ASSETCATALOG_COMPILER_APPICON_NAME[sdk=iphoneos*]" = "AppIcon-iOS";
				"ASSETCATALOG_COMPILER_APPICON_NAME[sdk=macosx*]" = "AppIcon-macOS";
				ASSETCATALOG_COMPILER_GLOBAL_ACCENT_COLOR_NAME = AccentColor;
				ASSETCATALOG_COMPILER_INCLUDE_ALL_APPICON_ASSETS = YES;
				CODE_SIGN_STYLE = Automatic;
				CURRENT_PROJECT_VERSION = 1;
				DEVELOPMENT_ASSET_PATHS = "\"Clock/Preview Content\"";
				DEVELOPMENT_TEAM = QC68T7ZF53;
				ENABLE_APP_SANDBOX = YES;
				ENABLE_HARDENED_RUNTIME = YES;
				ENABLE_PREVIEWS = YES;
				GENERATE_INFOPLIST_FILE = YES;
				INFOPLIST_KEY_CFBundleDisplayName = "㉢㉡㉤㉢ⓚ\n\n";
				INFOPLIST_KEY_LSApplicationCategoryType = "public.app-category.utilities";
				INFOPLIST_KEY_UIApplicationSceneManifest_Generation = YES;
				INFOPLIST_KEY_UIApplicationSupportsIndirectInputEvents = YES;
				INFOPLIST_KEY_UILaunchScreen_Generation = YES;
				INFOPLIST_KEY_UISupportedInterfaceOrientations_iPad = "UIInterfaceOrientationPortrait UIInterfaceOrientationPortraitUpsideDown UIInterfaceOrientationLandscapeLeft UIInterfaceOrientationLandscapeRight";
				INFOPLIST_KEY_UISupportedInterfaceOrientations_iPhone = "UIInterfaceOrientationPortrait UIInterfaceOrientationLandscapeLeft UIInterfaceOrientationLandscapeRight";
				LD_RUNPATH_SEARCH_PATHS = (
					"$(inherited)",
					"@executable_path/Frameworks",
				);
				MARKETING_VERSION = 1.0.0;
				PRODUCT_BUNDLE_IDENTIFIER = llc.goodhats.clock;
				PRODUCT_NAME = "$(TARGET_NAME)";
				SUPPORTED_PLATFORMS = "iphoneos iphonesimulator macosx";
				SUPPORTS_MACCATALYST = NO;
				SUPPORTS_MAC_DESIGNED_FOR_IPHONE_IPAD = NO;
				SWIFT_EMIT_LOC_STRINGS = YES;
				SWIFT_VERSION = 5.0;
				TARGETED_DEVICE_FAMILY = "1,2";
			};
			name = Debug;
		};
		0232ADD0297C67740042D2FB /* Release */ = {
			isa = XCBuildConfiguration;
			buildSettings = {
				ALWAYS_EMBED_SWIFT_STANDARD_LIBRARIES = YES;
				ASSETCATALOG_COMPILER_APPICON_NAME = AppIcon;
				"ASSETCATALOG_COMPILER_APPICON_NAME[sdk=iphoneos*]" = "AppIcon-iOS";
				"ASSETCATALOG_COMPILER_APPICON_NAME[sdk=macosx*]" = "AppIcon-macOS";
				ASSETCATALOG_COMPILER_GLOBAL_ACCENT_COLOR_NAME = AccentColor;
				ASSETCATALOG_COMPILER_INCLUDE_ALL_APPICON_ASSETS = YES;
				CODE_SIGN_STYLE = Automatic;
				CURRENT_PROJECT_VERSION = 1;
				DEVELOPMENT_ASSET_PATHS = "\"Clock/Preview Content\"";
				DEVELOPMENT_TEAM = QC68T7ZF53;
				ENABLE_APP_SANDBOX = YES;
				ENABLE_HARDENED_RUNTIME = YES;
				ENABLE_PREVIEWS = YES;
				GENERATE_INFOPLIST_FILE = YES;
				INFOPLIST_KEY_CFBundleDisplayName = "㉢㉡㉤㉢ⓚ\n\n";
				INFOPLIST_KEY_LSApplicationCategoryType = "public.app-category.utilities";
				INFOPLIST_KEY_UIApplicationSceneManifest_Generation = YES;
				INFOPLIST_KEY_UIApplicationSupportsIndirectInputEvents = YES;
				INFOPLIST_KEY_UILaunchScreen_Generation = YES;
				INFOPLIST_KEY_UISupportedInterfaceOrientations_iPad = "UIInterfaceOrientationPortrait UIInterfaceOrientationPortraitUpsideDown UIInterfaceOrientationLandscapeLeft UIInterfaceOrientationLandscapeRight";
				INFOPLIST_KEY_UISupportedInterfaceOrientations_iPhone = "UIInterfaceOrientationPortrait UIInterfaceOrientationLandscapeLeft UIInterfaceOrientationLandscapeRight";
				LD_RUNPATH_SEARCH_PATHS = (
					"$(inherited)",
					"@executable_path/Frameworks",
				);
				MARKETING_VERSION = 1.0.0;
				PRODUCT_BUNDLE_IDENTIFIER = llc.goodhats.clock;
				PRODUCT_NAME = "$(TARGET_NAME)";
				SUPPORTED_PLATFORMS = "iphoneos iphonesimulator macosx";
				SUPPORTS_MACCATALYST = NO;
				SUPPORTS_MAC_DESIGNED_FOR_IPHONE_IPAD = NO;
				SWIFT_EMIT_LOC_STRINGS = YES;
				SWIFT_VERSION = 5.0;
				TARGETED_DEVICE_FAMILY = "1,2";
			};
			name = Release;
		};
		0232ADEC297C67DB0042D2FB /* Debug */ = {
			isa = XCBuildConfiguration;
			buildSettings = {
				ASSETCATALOG_COMPILER_GLOBAL_ACCENT_COLOR_NAME = AccentColor;
				ASSETCATALOG_COMPILER_WIDGET_BACKGROUND_COLOR_NAME = WidgetBackground;
				CODE_SIGN_STYLE = Automatic;
				CURRENT_PROJECT_VERSION = 1;
				DEVELOPMENT_TEAM = QC68T7ZF53;
				ENABLE_APP_SANDBOX = YES;
				ENABLE_HARDENED_RUNTIME = YES;
				GENERATE_INFOPLIST_FILE = YES;
				INFOPLIST_FILE = ClockWidget/Info.plist;
				INFOPLIST_KEY_CFBundleDisplayName = ClockWidget;
				INFOPLIST_KEY_NSHumanReadableCopyright = "";
				LD_RUNPATH_SEARCH_PATHS = (
					"$(inherited)",
					"@executable_path/Frameworks",
					"@executable_path/../../Frameworks",
				);
				MARKETING_VERSION = 1.0.0;
				PRODUCT_BUNDLE_IDENTIFIER = llc.goodhats.clock.widget;
				PRODUCT_NAME = "$(TARGET_NAME)";
				SKIP_INSTALL = YES;
				SUPPORTED_PLATFORMS = "iphoneos iphonesimulator macosx";
				SUPPORTS_MACCATALYST = NO;
				SUPPORTS_MAC_DESIGNED_FOR_IPHONE_IPAD = NO;
				SWIFT_EMIT_LOC_STRINGS = YES;
				SWIFT_VERSION = 5.0;
				TARGETED_DEVICE_FAMILY = "1,2";
			};
			name = Debug;
		};
		0232ADED297C67DB0042D2FB /* Release */ = {
			isa = XCBuildConfiguration;
			buildSettings = {
				ASSETCATALOG_COMPILER_GLOBAL_ACCENT_COLOR_NAME = AccentColor;
				ASSETCATALOG_COMPILER_WIDGET_BACKGROUND_COLOR_NAME = WidgetBackground;
				CODE_SIGN_STYLE = Automatic;
				CURRENT_PROJECT_VERSION = 1;
				DEVELOPMENT_TEAM = QC68T7ZF53;
				ENABLE_APP_SANDBOX = YES;
				ENABLE_HARDENED_RUNTIME = YES;
				GENERATE_INFOPLIST_FILE = YES;
				INFOPLIST_FILE = ClockWidget/Info.plist;
				INFOPLIST_KEY_CFBundleDisplayName = ClockWidget;
				INFOPLIST_KEY_NSHumanReadableCopyright = "";
				LD_RUNPATH_SEARCH_PATHS = (
					"$(inherited)",
					"@executable_path/Frameworks",
					"@executable_path/../../Frameworks",
				);
				MARKETING_VERSION = 1.0.0;
				PRODUCT_BUNDLE_IDENTIFIER = llc.goodhats.clock.widget;
				PRODUCT_NAME = "$(TARGET_NAME)";
				SKIP_INSTALL = YES;
				SUPPORTED_PLATFORMS = "iphoneos iphonesimulator macosx";
				SUPPORTS_MACCATALYST = NO;
				SUPPORTS_MAC_DESIGNED_FOR_IPHONE_IPAD = NO;
				SWIFT_EMIT_LOC_STRINGS = YES;
				SWIFT_VERSION = 5.0;
				TARGETED_DEVICE_FAMILY = "1,2";
			};
			name = Release;
		};
/* End XCBuildConfiguration section */

/* Begin XCConfigurationList section */
		0232ADBB297C676C0042D2FB /* Build configuration list for PBXProject "Clock" */ = {
			isa = XCConfigurationList;
			buildConfigurations = (
				0232ADCC297C67740042D2FB /* Debug */,
				0232ADCD297C67740042D2FB /* Release */,
			);
			defaultConfigurationIsVisible = 0;
			defaultConfigurationName = Release;
		};
		0232ADCE297C67740042D2FB /* Build configuration list for PBXNativeTarget "Clock" */ = {
			isa = XCConfigurationList;
			buildConfigurations = (
				0232ADCF297C67740042D2FB /* Debug */,
				0232ADD0297C67740042D2FB /* Release */,
			);
			defaultConfigurationIsVisible = 0;
			defaultConfigurationName = Release;
		};
		0232ADEB297C67DB0042D2FB /* Build configuration list for PBXNativeTarget "ClockWidgetExtension" */ = {
			isa = XCConfigurationList;
			buildConfigurations = (
				0232ADEC297C67DB0042D2FB /* Debug */,
				0232ADED297C67DB0042D2FB /* Release */,
			);
			defaultConfigurationIsVisible = 0;
			defaultConfigurationName = Release;
		};
/* End XCConfigurationList section */

/* Begin XCSwiftPackageProductDependency section */
		F7EAE35E2A28AB0300664B37 /* TwentyFourHourClock */ = {
			isa = XCSwiftPackageProductDependency;
			productName = TwentyFourHourClock;
		};
		F7EAE3602A28AB0B00664B37 /* TwentyFourHourClock */ = {
			isa = XCSwiftPackageProductDependency;
			productName = TwentyFourHourClock;
		};
/* End XCSwiftPackageProductDependency section */
	};
	rootObject = 0232ADB8297C676C0042D2FB /* Project object */;
}
